lockfileVersion: '9.0'

settings:
  autoInstallPeers: true
  excludeLinksFromLockfile: false

importers:

  .:
    devDependencies:
      prettier:
        specifier: ^3.6.2
        version: 3.9.6
      supabase:
        specifier: ^2.114.0
        version: 2.114.0
      turbo:
        specifier: ^2.5.6
        version: 2.10.10
      typescript:
        specifier: ^5.9.2
        version: 5.9.3

  apps/admin:
    dependencies:
      '@mekha/types':
        specifier: workspace:*
        version: link:../../packages/types
      '@mekha/ui':
        specifier: workspace:*
        version: link:../../packages/ui

  apps/api:
    dependencies:
      '@mekha/types':
        specifier: workspace:*
        version: link:../../packages/types
      '@mekha/utils':
        specifier: workspace:*
        version: link:../../packages/utils

  apps/web:
    dependencies:
      '@mekha/types':
        specifier: workspace:*
        version: link:../../packages/types

  packages/types: {}

  packages/typescript-config: {}

  packages/ui: {}

  packages/utils: {}

packages:

  '@ecies/ciphers@0.2.6':
    resolution: {integrity: sha512-patgsRPKGkhhoBjETV4XxD0En4ui5fbX0hzayqI3M8tvNMGUoUvmyYAIWwlxBc1KX5cturfqByYdj5bYGRpN9g==}
    engines: {bun: '>=1', deno: '>=2.7.10', node: '>=16'}
    peerDependencies:
      '@noble/ciphers': ^1.0.0

  '@noble/ciphers@1.3.0':
    resolution: {integrity: sha512-2I0gnIVPtfnMw9ee9h1dJG7tp81+8Ob3OJb3Mv37rx5L40/b0i7djjCVvGOVqc9AEIQyvyu1i6ypKdFw8R8gQw==}
    engines: {node: ^14.21.3 || >=16}

  '@noble/curves@1.9.7':
    resolution: {integrity: sha512-gbKGcRUYIjA3/zCCNaWDciTMFI0dCkvou3TL8Zmy5Nc7sJ47a0jtOeZoTaMxkuqRo9cRhjOdZJXegxYE5FN/xw==}
    engines: {node: ^14.21.3 || >=16}

  '@noble/hashes@1.8.0':
    resolution: {integrity: sha512-jCs9ldd7NwzpgXDIf6P3+NrHh9/sD6CQdxHyjQI+h/6rDNo88ypBxxz45UDuZHz9r3tNz7N/VInSVoVdtXEI4A==}
    engines: {node: ^14.21.3 || >=16}

  '@supabase/cli-darwin-arm64@2.114.0':
    resolution: {integrity: sha512-zdZA+hf8W2sMDQkWWJKYcgOS6AAMsc8oMTaspfYrga41paUqSvuXZ4uAhBaNm3DiNeJmQ0ddb9EaLo0lPxaQpw==}
    cpu: [arm64]
    os: [darwin]

  '@supabase/cli-darwin-x64@2.114.0':
    resolution: {integrity: sha512-r89Go+y0IyBS+8pHsBZcs9s1W7xB8IL60k97INn0EYgPlE99Bgy7aZF+FQd+c1e3RAXLPS4/Znf7fheXKuNCtg==}
    cpu: [x64]
    os: [darwin]

  '@supabase/cli-linux-arm64-musl@2.114.0':
    resolution: {integrity: sha512-G5/97+h2CXzoK95jNlWY8CyOt+Zm0k3A9/d1r/jDYoB/y1P5cQmK1TYPPfI+ErWYQeoiQ6okfftAAg8bZEGqcA==}
    cpu: [arm64]
    os: [linux]

  '@supabase/cli-linux-arm64@2.114.0':
    resolution: {integrity: sha512-vYFAP+gI6BOcwjZ+Zs9kpqtUt3KTE5kL56H65CTCdwRBJ/fXU+vCW3WvhLyFmKmJ8sDzjCvMcHwuhjKPbTmM7A==}
    cpu: [arm64]
    os: [linux]

  '@supabase/cli-linux-x64-musl@2.114.0':
    resolution: {integrity: sha512-87e8MzkKZryXOsmMSbrS4b4jX95uPohS/AplJb2QWwTzLuOXZ+G60e0NR9tkuYYc7TIrDAHhFxcGaQweRIERug==}
    cpu: [x64]
    os: [linux]

  '@supabase/cli-linux-x64@2.114.0':
    resolution: {integrity: sha512-MKgeafQEWYVKCtJgOgGJo1SqiKI4dd5eN460FbLOg01j1sYh7zGqhHk8WxF3enc4WeFQpVMpv147UyrOueHheg==}
    cpu: [x64]
    os: [linux]

  '@supabase/cli-windows-arm64@2.114.0':
    resolution: {integrity: sha512-nhF/H5tPs0YsuKcdX5gGV6Ku7pFpSobXubt0y3rHfmR4itG6hhGE2We1hCyc7it0ozlDsA2NxOb1m9YlmY38+A==}
    cpu: [arm64]
    os: [win32]

  '@supabase/cli-windows-x64@2.114.0':
    resolution: {integrity: sha512-JtdgR9HvhgUxyd+GMpTECHCSFbAFP67/FJIWybYOVt5Qh6g4rqlLSWmT5zWFCQBSBw0dSw7xf2V3YB1+HESmiA==}
    cpu: [x64]
    os: [win32]

  '@turbo/darwin-64@2.10.10':
    resolution: {integrity: sha512-gFDD+wRP5hWxBRghGyEbjpbLOY7aIU/wvsnKdMM7odQcp/wHMrnI83p0FyxxMRZnFH9ZD+S59MvcpOC5b+nrCA==}
    cpu: [x64]
    os: [darwin]

  '@turbo/darwin-arm64@2.10.10':
    resolution: {integrity: sha512-VZYsxZ6yjyDosUqtiroAVSXPLmx/qBxdHJgIxdMH9RyNmLdOLOWtJnYMnI4qckwCgQMK85G3fu94/xk5+iBCgw==}
    cpu: [arm64]
    os: [darwin]

  '@turbo/linux-64@2.10.10':
    resolution: {integrity: sha512-lAvW+yEnmsCKMEIwNugjozawvYytHKPhU0kfLBizu83MIs8OUb9KobYvkZ56L5akSM6K7+gBFLEIfQkaceh90g==}
    cpu: [x64]
    os: [android, linux]

  '@turbo/linux-arm64@2.10.10':
    resolution: {integrity: sha512-MSJ+NkRTd79Z9+YEZpUV9VOWVOOigFhE+v/ETNYJEuTJp3r00y9YgFvDXrmM+DP8Kal6tk3U6xSugD2/Ojh+Jg==}
    cpu: [arm64]
    os: [android, linux]

  '@turbo/windows-64@2.10.10':
    resolution: {integrity: sha512-ycWpXDkUfnDFDY9d+4Qna/UZotDB0wj+s9agrlmNt0Q7a3XHORhK8GPKJdzgzeutXu9EW5P/jyabTEHlohuDXw==}
    cpu: [x64]
    os: [win32]

  '@turbo/windows-arm64@2.10.10':
    resolution: {integrity: sha512-PMk6zQN0csUFklLe+1hz/5G9uU1YmV0cEIey2R/bSeA6o69qcBTlN4A3jOqkgenOO5dOpMHmq2sEUZo8r1+Ssg==}
    cpu: [arm64]
    os: [win32]

  eciesjs@0.5.0:
    resolution: {integrity: sha512-s0J9SEVYAEPg7J63GFMApLYzPH9VNIQIyC6s15JpnqVc0TqcKWdbgFlnAweEBRyMmko2dcs2sfC83Hj4J43tuA==}
    engines: {bun: '>=1', deno: '>=2.7.10', node: '>=16'}

  jose@6.2.9:
    resolution: {integrity: sha512-XrchZOFZUl/T3vTwRe8XK+cJrGtMF4th1ARnDfwbBXFKThGhlsxEE4Zu03AD/bjJSt/9jT/mxrOCkJWOg77aPA==}

  prettier@3.9.6:
    resolution: {integrity: sha512-OpN0zzVdiaiAhxpuuj5efpIS4sY9j7bY6uR5mnj5yPzGkdkjNKSJeUThPb60Jw29QuAZgA4o+/iB49kFiaBX6g==}
    engines: {node: '>=14'}
    hasBin: true

  supabase@2.114.0:
    resolution: {integrity: sha512-JtCR+eDgVs2YtmZl5THdkaTeXex80lax+3V2SXRSuj280SWJPTIKxMLc82iDKjZlqXnt9zrGnJkrWb7DwHGPhQ==}
    hasBin: true

  turbo@2.10.10:
    resolution: {integrity: sha512-/90KTW+USzvYOPmafRZHVKLBsHXQ5810Ao/HdtJYAqguIhZ+XruS6eIUjqJUDtrSxaZYynNFht68qckGKAOWTA==}
    hasBin: true

  typescript@5.9.3:
    resolution: {integrity: sha512-jl1vZzPDinLr9eUt3J/t7V6FgNEw9QjvBPdysz9KfQDD41fQrC2Y4vKQdiaUpFT4bXlb1RHhLpp8wtm6M5TgSw==}
    engines: {node: '>=14.17'}
    hasBin: true

snapshots:

  '@ecies/ciphers@0.2.6(@noble/ciphers@1.3.0)':
    dependencies:
      '@noble/ciphers': 1.3.0

  '@noble/ciphers@1.3.0': {}

  '@noble/curves@1.9.7':
    dependencies:
      '@noble/hashes': 1.8.0

  '@noble/hashes@1.8.0': {}

  '@supabase/cli-darwin-arm64@2.114.0':
    optional: true

  '@supabase/cli-darwin-x64@2.114.0':
    optional: true

  '@supabase/cli-linux-arm64-musl@2.114.0':
    optional: true

  '@supabase/cli-linux-arm64@2.114.0':
    optional: true

  '@supabase/cli-linux-x64-musl@2.114.0':
    optional: true

  '@supabase/cli-linux-x64@2.114.0':
    optional: true

  '@supabase/cli-windows-arm64@2.114.0':
    optional: true

  '@supabase/cli-windows-x64@2.114.0':
    optional: true

  '@turbo/darwin-64@2.10.10':
    optional: true

  '@turbo/darwin-arm64@2.10.10':
    optional: true

  '@turbo/linux-64@2.10.10':
    optional: true

  '@turbo/linux-arm64@2.10.10':
    optional: true

  '@turbo/windows-64@2.10.10':
    optional: true

  '@turbo/windows-arm64@2.10.10':
    optional: true

  eciesjs@0.5.0:
    dependencies:
      '@ecies/ciphers': 0.2.6(@noble/ciphers@1.3.0)
      '@noble/ciphers': 1.3.0
      '@noble/curves': 1.9.7
      '@noble/hashes': 1.8.0

  jose@6.2.9: {}

  prettier@3.9.6: {}

  supabase@2.114.0:
    dependencies:
      eciesjs: 0.5.0
      jose: 6.2.9
    optionalDependencies:
      '@supabase/cli-darwin-arm64': 2.114.0
      '@supabase/cli-darwin-x64': 2.114.0
      '@supabase/cli-linux-arm64': 2.114.0
      '@supabase/cli-linux-arm64-musl': 2.114.0
      '@supabase/cli-linux-x64': 2.114.0
      '@supabase/cli-linux-x64-musl': 2.114.0
      '@supabase/cli-windows-arm64': 2.114.0
      '@supabase/cli-windows-x64': 2.114.0

  turbo@2.10.10:
    optionalDependencies:
      '@turbo/darwin-64': 2.10.10
      '@turbo/darwin-arm64': 2.10.10
      '@turbo/linux-64': 2.10.10
      '@turbo/linux-arm64': 2.10.10
      '@turbo/windows-64': 2.10.10
      '@turbo/windows-arm64': 2.10.10

  typescript@5.9.3: {}
